<?xml version="1.0" encoding="utf-8"?>
<Project ToolsVersion="4.0" xmlns="http://schemas.microsoft.com/developer/msbuild/2003">
  <ItemGroup>
    <Filter Include="Source Files">
      <UniqueIdentifier>{4FC737F1-C7A5-4376-A066-2A32D752A2FF}</UniqueIdentifier>
      <Extensions>cpp;c;cc;cxx;def;odl;idl;hpj;bat;asm;asmx</Extensions>
    </Filter>
    <Filter Include="Header Files">
      <UniqueIdentifier>{93995380-89BD-4b04-88EB-625FBE52EBFB}</UniqueIdentifier>
      <Extensions>h;hh;hpp;hxx;hm;inl;inc;xsd</Extensions>
    </Filter>
    <Filter Include="Resource Files">
      <UniqueIdentifier>{D9D6E242-F8AF-46E4-B9FD-80ECBC20BA3E}</UniqueIdentifier>
      <Extensions>qrc;*</Extensions>
      <ParseFiles>false</ParseFiles>
    </Filter>
    <Filter Include="Form Files">
      <UniqueIdentifier>{99349809-55BA-4b9d-BF79-8FDBB0286EB3}</UniqueIdentifier>
      <Extensions>ui</Extensions>
    </Filter>
    <Filter Include="Resource Files">
      <UniqueIdentifier>{D9D6E242-F8AF-46E4-B9FD-80ECBC20BA3E}</UniqueIdentifier>
      <Extensions>qrc;*</Extensions>
      <ParseFiles>false</ParseFiles>
    </Filter>
    <Filter Include="Translation Files">
      <UniqueIdentifier>{639EADAA-A684-42e4-A9AD-28FC9BCB8F7C}</UniqueIdentifier>
      <Extensions>ts</Extensions>
      <ParseFiles>false</ParseFiles>
    </Filter>
    <Filter Include="Header Files\DS_console">
      <UniqueIdentifier>{201dcfa5-e5b5-4d02-9264-1f3e1edbf7b7}</UniqueIdentifier>
    </Filter>
    <Filter Include="Header Files\DS_test">
      <UniqueIdentifier>{02c8a5af-bfce-43ee-893f-08db545f3451}</UniqueIdentifier>
    </Filter>
    <Filter Include="Source Files\DS_console">
      <UniqueIdentifier>{a257d31c-3c04-49b7-b7f5-519bb737a84b}</UniqueIdentifier>
    </Filter>
    <Filter Include="Source Files\DS_test">
      <UniqueIdentifier>{ff8b8d49-ff31-4430-aa47-d11c347b1453}</UniqueIdentifier>
    </Filter>
    <Filter Include="Header Files\DS_gui">
      <UniqueIdentifier>{07cee0ce-c818-488c-aedf-0d3525d0fba0}</UniqueIdentifier>
    </Filter>
    <Filter Include="Source Files\DS_gui">
      <UniqueIdentifier>{5123c199-9448-42cf-b6ed-da0fb50f0485}</UniqueIdentifier>
    </Filter>
  </ItemGroup>
  <ItemGroup>
    <QtRcc Include="DS_2020_GUI.qrc">
      <Filter>Resource Files</Filter>
    </QtRcc>
  </ItemGroup>
  <ItemGroup>
    <QtMoc Include="DS_gui\MainWindow.h">
      <Filter>Header Files\DS_gui</Filter>
    </QtMoc>
    <QtMoc Include="DS_gui\Info_Detail_Widget.h">
      <Filter>Header Files\DS_gui</Filter>
    </QtMoc>
    <QtMoc Include="DS_gui\Author_Detail_Widget.h">
      <Filter>Header Files\DS_gui</Filter>
    </QtMoc>
    <QtMoc Include="DS_gui\Author_Top_Widget.h">
      <Filter>Header Files\DS_gui</Filter>
    </QtMoc>
    <QtMoc Include="DS_gui\Help.h">
      <Filter>Header Files\DS_gui</Filter>
    </QtMoc>
    <QtMoc Include="DS_gui\Hotspot_Detail_Widget.h">
      <Filter>Header Files\DS_gui</Filter>
    </QtMoc>
    <QtMoc Include="DS_gui\Info_Title_Widget.h">
      <Filter>Header Files\DS_gui</Filter>
    </QtMoc>
  </ItemGroup>
  <ItemGroup>
    <ClCompile Include="main.cpp">
      <Filter>Source Files</Filter>
    </ClCompile>
    <ClCompile Include="..\..\数据结构大作业\数据结构大作业\Author.cpp">
      <Filter>Source Files</Filter>
    </ClCompile>
    <ClCompile Include="..\..\数据结构大作业\数据结构大作业\CommUtils.cpp">
      <Filter>Source Files</Filter>
    </ClCompile>
    <ClCompile Include="..\..\数据结构大作业\数据结构大作业\FrequencyRanking.cpp">
      <Filter>Source Files</Filter>
    </ClCompile>
    <ClCompile Include="..\..\数据结构大作业\数据结构大作业\Info.cpp">
      <Filter>Source Files</Filter>
    </ClCompile>
    <ClCompile Include="..\..\数据结构大作业\数据结构大作业\Solver.cpp">
      <Filter>Source Files</Filter>
    </ClCompile>
    <ClCompile Include="..\..\数据结构大作业\数据结构大作业\xmlhelper.cpp">
      <Filter>Source Files</Filter>
    </ClCompile>
    <ClCompile Include="..\..\数据结构大作业\数据结构大作业\F1Solver.cpp">
      <Filter>Source Files</Filter>
    </ClCompile>
    <ClCompile Include="..\..\数据结构大作业\数据结构大作业\F3Solver.cpp">
      <Filter>Source Files</Filter>
    </ClCompile>
    <ClCompile Include="DS_test\test.cpp">
      <Filter>Source Files\DS_test</Filter>
    </ClCompile>
    <ClCompile Include="DS_console\BPlusTree.cpp">
      <Filter>Source Files\DS_console</Filter>
    </ClCompile>
    <ClCompile Include="DS_gui\MainWindow.cpp">
      <Filter>Source Files\DS_gui</Filter>
    </ClCompile>
    <ClCompile Include="DS_gui\Info_Detail_Widget.cpp">
      <Filter>Source Files\DS_gui</Filter>
    </ClCompile>
    <ClCompile Include="DS_gui\Author_Detail_Widget.cpp">
      <Filter>Source Files\DS_gui</Filter>
    </ClCompile>
    <ClCompile Include="DS_gui\Author_Top_Widget.cpp">
      <Filter>Source Files\DS_gui</Filter>
    </ClCompile>
    <ClCompile Include="DS_gui\Help.cpp">
      <Filter>Source Files\DS_gui</Filter>
    </ClCompile>
    <ClCompile Include="DS_gui\Hotspot_Detail_Widget.cpp">
      <Filter>Source Files\DS_gui</Filter>
    </ClCompile>
    <ClCompile Include="DS_gui\Info_Title_Widget.cpp">
      <Filter>Source Files\DS_gui</Filter>
    </ClCompile>
    <ClCompile Include="DS_console\BPlusTree_Utils.cpp">
      <Filter>Source Files\DS_console</Filter>
    </ClCompile>
    <ClCompile Include="..\..\数据结构大作业\数据结构大作业\pch.cpp">
      <Filter>Source Files</Filter>
    </ClCompile>
    <ClCompile Include="DS_test\test_BPT.cpp">
      <Filter>Source Files\DS_test</Filter>
    </ClCompile>
  </ItemGroup>
  <ItemGroup>
    <ClInclude Include="..\..\数据结构大作业\数据结构大作业\Author.h">
      <Filter>Header Files</Filter>
    </ClInclude>
    <ClInclude Include="..\..\数据结构大作业\数据结构大作业\error.h">
      <Filter>Header Files</Filter>
    </ClInclude>
    <ClInclude Include="..\..\数据结构大作业\数据结构大作业\CommUtils.h">
      <Filter>Header Files</Filter>
    </ClInclude>
    <ClInclude Include="..\..\数据结构大作业\数据结构大作业\FrequencyRanking.h">
      <Filter>Header Files</Filter>
    </ClInclude>
    <ClInclude Include="..\..\数据结构大作业\数据结构大作业\Info.h">
      <Filter>Header Files</Filter>
    </ClInclude>
    <ClInclude Include="..\..\数据结构大作业\数据结构大作业\Solver.h">
      <Filter>Header Files</Filter>
    </ClInclude>
    <ClInclude Include="..\..\数据结构大作业\数据结构大作业\xmlhelper.h">
      <Filter>Header Files</Filter>
    </ClInclude>
    <ClInclude Include="..\..\数据结构大作业\数据结构大作业\F1Solver.h">
      <Filter>Header Files</Filter>
    </ClInclude>
    <ClInclude Include="..\..\数据结构大作业\数据结构大作业\F3Solver.h">
      <Filter>Header Files</Filter>
    </ClInclude>
    <ClInclude Include="DS_test\test.h">
      <Filter>Header Files\DS_test</Filter>
    </ClInclude>
    <ClInclude Include="DS_console\BPlusTree.h">
      <Filter>Header Files\DS_console</Filter>
    </ClInclude>
    <ClInclude Include="config.h">
      <Filter>Header Files</Filter>
    </ClInclude>
    <ClInclude Include="DS_console\BPlusTreeUtils.h">
      <Filter>Header Files\DS_console</Filter>
    </ClInclude>
    <ClInclude Include="..\..\数据结构大作业\数据结构大作业\pch.h">
      <Filter>Header Files</Filter>
    </ClInclude>
    <ClInclude Include="DS_test\test_BPT.h">
      <Filter>Header Files\DS_test</Filter>
    </ClInclude>
  </ItemGroup>
  <ItemGroup>
    <None Include="ds_2020_gui_zh.ts">
      <Filter>Translation Files</Filter>
    </None>
  </ItemGroup>
  <ItemGroup>
    <QtUic Include="DS_gui\Author_Detail_Widget.ui">
      <Filter>Form Files</Filter>
    </QtUic>
    <QtUic Include="DS_gui\Author_Top_Widget.ui">
      <Filter>Form Files</Filter>
    </QtUic>
    <QtUic Include="DS_gui\Help.ui">
      <Filter>Form Files</Filter>
    </QtUic>
    <QtUic Include="DS_gui\Hotspot_Detail_Widget.ui">
      <Filter>Form Files</Filter>
    </QtUic>
    <QtUic Include="DS_gui\Info_Detail_Widget.ui">
      <Filter>Form Files</Filter>
    </QtUic>
    <QtUic Include="DS_gui\Info_Title_Widget.ui">
      <Filter>Form Files</Filter>
    </QtUic>
    <QtUic Include="DS_gui\MainWindow.ui">
      <Filter>Form Files</Filter>
    </QtUic>
  </ItemGroup>
</Project>